PODS:
  - YYBaseClases (0.1.0):
    - YYKit
  - YYKit (1.0.9):
    - YYKit/no-arc (= 1.0.9)
  - YYKit/no-arc (1.0.9)

DEPENDENCIES:
  - YYBaseClases (from `../`)

EXTERNAL SOURCES:
  YYBaseClases:
    :path: ../

SPEC CHECKSUMS:
  YYBaseClases: 6a8a7aa98d2badce51d2f7f2cc47457ef6b4e265
  YYKit: 7cda43304a8dc3696c449041e2cb3107b4e236e7

PODFILE CHECKSUM: d04bfaf8ffbdedab0282e28115ca1198bb335b24

COCOAPODS: 1.4.0
